# This file is automatically @generated by Cargo.
# It is not intended for manual editing.
version = 4

[[package]]
name = "roguelike-core"
version = "0.5.0"

[[package]]
name = "roguelike-nds"
version = "0.5.0"
dependencies = [
 "roguelike-core",
 "roguelike-renderer3d",
]

[[package]]
name = "roguelike-renderer3d"
version = "0.5.0"
dependencies = [
 "roguelike-core",
]
